{
  "name": "renovate_tutorial",
  "version": "0.0.1",
  "lockfileVersion": 3,
  "requires": true,
  "packages": {
    "": {
      "name": "renovate_tutorial",
      "version": "0.0.1",
      "license": "Apache-2.0",
      "dependencies": {
        "@date-io/date-fns": "2.17.0",
        "@date-io/moment": "2.17.0",
        "commander": "2.20.3",
        "lodash": "4.17.23"
      }
    },
    "node_modules/@date-io/core": {
      "version": "2.17.0",
      "resolved": "https://registry.npmjs.org/@date-io/core/-/core-2.17.0.tgz",
      "integrity": "sha512-+EQE8xZhRM/hsY0CDTVyayMDDY5ihc4MqXCrPxooKw19yAzUIC6uUqsZeaOFNL9YKTNxYKrJP5DFgE8o5xRCOw==",
      "license": "MIT"
    },
    "node_modules/@date-io/date-fns": {
      "version": "2.17.0",
      "resolved": "https://registry.npmjs.org/@date-io/date-fns/-/date-fns-2.17.0.tgz",
      "integrity": "sha512-L0hWZ/mTpy3Gx/xXJ5tq5CzHo0L7ry6KEO9/w/JWiFWFLZgiNVo3ex92gOl3zmzjHqY/3Ev+5sehAr8UnGLEng==",
      "license": "MIT",
      "dependencies": {
        "@date-io/core": "^2.17.0"
      },
      "peerDependencies": {
        "date-fns": "^2.0.0"
      },
      "peerDependenciesMeta": {
        "date-fns": {
          "optional": true
        }
      }
    },
    "node_modules/@date-io/moment": {
      "version": "2.17.0",
      "resolved": "https://registry.npmjs.org/@date-io/moment/-/moment-2.17.0.tgz",
      "integrity": "sha512-e4nb4CDZU4k0WRVhz1Wvl7d+hFsedObSauDHKtZwU9kt7gdYEAzKgnrSCTHsEaXrDumdrkCYTeZ0Tmyk7uV4tw==",
      "license": "MIT",
      "dependencies": {
        "@date-io/core": "^2.17.0"
      },
      "peerDependencies": {
        "moment": "^2.24.0"
      },
      "peerDependenciesMeta": {
        "moment": {
          "optional": true
        }
      }
    },
    "node_modules/commander": {
      "version": "2.20.3",
      "resolved": "https://registry.npmjs.org/commander/-/commander-2.20.3.tgz",
      "integrity": "sha512-GpVkmM8vF2vQUkj2LvZmD35JxeJOLCwJ9cUkugyk2nuhbv3+mJvpLYYt+0+USMxE+oj+ey/lJEnhZw75x/OMcQ==",
      "license": "MIT"
    },
    "node_modules/lodash": {
      "version": "4.17.23",
      "resolved": "https://registry.npmjs.org/lodash/-/lodash-4.17.23.tgz",
      "integrity": "sha512-LgVTMpQtIopCi79SJeDiP0TfWi5CNEc/L/aRdTh3yIvmZXTnheWpKjSZhnvMl8iXbC1tFg9gdHHDMLoV7CnG+w==",
      "license": "MIT"
    }
  }
}
